
Microsoft Visual Studio Solution File, Format Version 12.00
# Visual Studio Version 16
VisualStudioVersion = 16.0.29006.145
MinimumVisualStudioVersion = 10.0.40219.1
Project("{FAE04EC0-301F-11D3-BF4B-00C04F79EFBC}") = "InsiderTrades", "InsiderTrades\InsiderTrades.csproj", "{CF207A27-9D1B-4D83-B001-CC0D8BEEDCCC}"
EndProject
Global
	GlobalSection(SolutionConfigurationPlatforms) = preSolution
		Debug|ARM = Debug|ARM
		Debug|ARM64 = Debug|ARM64
		Debug|x64 = Debug|x64
		Debug|x86 = Debug|x86
		Release|ARM = Release|ARM
		Release|ARM64 = Release|ARM64
		Release|x64 = Release|x64
		Release|x86 = Release|x86
	EndGlobalSection
	GlobalSection(ProjectConfigurationPlatforms) = postSolution
		{CF207A27-9D1B-4D83-B001-CC0D8BEEDCCC}.Debug|ARM.ActiveCfg = Debug|ARM
		{CF207A27-9D1B-4D83-B001-CC0D8BEEDCCC}.Debug|ARM.Build.0 = Debug|ARM
		{CF207A27-9D1B-4D83-B001-CC0D8BEEDCCC}.Debug|ARM.Deploy.0 = Debug|ARM
		{CF207A27-9D1B-4D83-B001-CC0D8BEEDCCC}.Debug|ARM64.ActiveCfg = Debug|ARM64
		{CF207A27-9D1B-4D83-B001-CC0D8BEEDCCC}.Debug|ARM64.Build.0 = Debug|ARM64
		{CF207A27-9D1B-4D83-B001-CC0D8BEEDCCC}.Debug|ARM64.Deploy.0 = Debug|ARM64
		{CF207A27-9D1B-4D83-B001-CC0D8BEEDCCC}.Debug|x64.ActiveCfg = Debug|x64
		{CF207A27-9D1B-4D83-B001-CC0D8BEEDCCC}.Debug|x64.Build.0 = Debug|x64
		{CF207A27-9D1B-4D83-B001-CC0D8BEEDCCC}.Debug|x64.Deploy.0 = Debug|x64
		{CF207A27-9D1B-4D83-B001-CC0D8BEEDCCC}.Debug|x86.ActiveCfg = Debug|x86
		{CF207A27-9D1B-4D83-B001-CC0D8BEEDCCC}.Debug|x86.Build.0 = Debug|x86
		{CF207A27-9D1B-4D83-B001-CC0D8BEEDCCC}.Debug|x86.Deploy.0 = Debug|x86
		{CF207A27-9D1B-4D83-B001-CC0D8BEEDCCC}.Release|ARM.ActiveCfg = Release|ARM
		{CF207A27-9D1B-4D83-B001-CC0D8BEEDCCC}.Release|ARM.Build.0 = Release|ARM
		{CF207A27-9D1B-4D83-B001-CC0D8BEEDCCC}.Release|ARM.Deploy.0 = Release|ARM
		{CF207A27-9D1B-4D83-B001-CC0D8BEEDCCC}.Release|ARM64.ActiveCfg = Release|ARM64
		{CF207A27-9D1B-4D83-B001-CC0D8BEEDCCC}.Release|ARM64.Build.0 = Release|ARM64
		{CF207A27-9D1B-4D83-B001-CC0D8BEEDCCC}.Release|ARM64.Deploy.0 = Release|ARM64
		{CF207A27-9D1B-4D83-B001-CC0D8BEEDCCC}.Release|x64.ActiveCfg = Release|x64
		{CF207A27-9D1B-4D83-B001-CC0D8BEEDCCC}.Release|x64.Build.0 = Release|x64
		{CF207A27-9D1B-4D83-B001-CC0D8BEEDCCC}.Release|x64.Deploy.0 = Release|x64
		{CF207A27-9D1B-4D83-B001-CC0D8BEEDCCC}.Release|x86.ActiveCfg = Release|x86
		{CF207A27-9D1B-4D83-B001-CC0D8BEEDCCC}.Release|x86.Build.0 = Release|x86
		{CF207A27-9D1B-4D83-B001-CC0D8BEEDCCC}.Release|x86.Deploy.0 = Release|x86
	EndGlobalSection
	GlobalSection(SolutionProperties) = preSolution
		HideSolutionNode = FALSE
	EndGlobalSection
	GlobalSection(ExtensibilityGlobals) = postSolution
		SolutionGuid = {483A7848-7CD1-43D6-8AD3-A5950FF61B8A}
	EndGlobalSection
EndGlobal
